
Microsoft Visual Studio Solution File, Format Version 12.00
# Visual Studio Version 17
VisualStudioVersion = 17.3.32901.215
MinimumVisualStudioVersion = 10.0.40219.1
Project("{FAE04EC0-301F-11D3-BF4B-00C04F79EFBC}") = "task 1", "task 1\task 1.csproj", "{54E3605E-3B15-477D-97E5-97A4AB20FF27}"
EndProject
Global
	GlobalSection(SolutionConfigurationPlatforms) = preSolution
		Debug|Any CPU = Debug|Any CPU
		Release|Any CPU = Release|Any CPU
	EndGlobalSection
	GlobalSection(ProjectConfigurationPlatforms) = postSolution
		{54E3605E-3B15-477D-97E5-97A4AB20FF27}.Debug|Any CPU.ActiveCfg = Debug|Any CPU
		{54E3605E-3B15-477D-97E5-97A4AB20FF27}.Debug|Any CPU.Build.0 = Debug|Any CPU
		{54E3605E-3B15-477D-97E5-97A4AB20FF27}.Release|Any CPU.ActiveCfg = Release|Any CPU
		{54E3605E-3B15-477D-97E5-97A4AB20FF27}.Release|Any CPU.Build.0 = Release|Any CPU
	EndGlobalSection
	GlobalSection(SolutionProperties) = preSolution
		HideSolutionNode = FALSE
	EndGlobalSection
	GlobalSection(ExtensibilityGlobals) = postSolution
		SolutionGuid = {9617ABBE-CAAB-4FE4-9D16-A26FB6FB586C}
	EndGlobalSection
EndGlobal
